
Microsoft Visual Studio Solution File, Format Version 12.00
# Visual Studio 15
VisualStudioVersion = 15.0.27617.1
MinimumVisualStudioVersion = 10.0.40219.1
Project("{9A19103F-16F7-4668-BE54-9A1E7A4F7556}") = "Abp.GenerateBlazorProxies", "Abp.GenerateBlazorProxies\Abp.GenerateBlazorProxies.csproj", "{8BC8A1F3-0250-45C2-B71E-088969C3BB25}"
EndProject
Global
	GlobalSection(SolutionConfigurationPlatforms) = preSolution
		Debug|Any CPU = Debug|Any CPU
		Release|Any CPU = Release|Any CPU
	EndGlobalSection
	GlobalSection(ProjectConfigurationPlatforms) = postSolution
		{8BC8A1F3-0250-45C2-B71E-088969C3BB25}.Debug|Any CPU.ActiveCfg = Debug|Any CPU
		{8BC8A1F3-0250-45C2-B71E-088969C3BB25}.Debug|Any CPU.Build.0 = Debug|Any CPU
		{8BC8A1F3-0250-45C2-B71E-088969C3BB25}.Release|Any CPU.ActiveCfg = Release|Any CPU
		{8BC8A1F3-0250-45C2-B71E-088969C3BB25}.Release|Any CPU.Build.0 = Release|Any CPU
	EndGlobalSection
	GlobalSection(SolutionProperties) = preSolution
		HideSolutionNode = FALSE
	EndGlobalSection
	GlobalSection(ExtensibilityGlobals) = postSolution
		SolutionGuid = {22C12E53-F802-41FE-8E76-481456B90AA7}
	EndGlobalSection
EndGlobal
