
Microsoft Visual Studio Solution File, Format Version 12.00
# Visual Studio 15
VisualStudioVersion = 15.0.27617.1
MinimumVisualStudioVersion = 10.0.40219.1
Project("{FAE04EC0-301F-11D3-BF4B-00C04F79EFBC}") = "ASO.BlazorProxiesTest", "ASO.BlazorProxiesTest\ASO.BlazorProxiesTest.csproj", "{258C6AFF-0823-458D-AA3A-C58D64EB2C88}"
EndProject
Project("{FAE04EC0-301F-11D3-BF4B-00C04F79EFBC}") = "ASO.GenerateBlazorProxies", "ASO.GenerateBlazorProxies\ASO.GenerateBlazorProxies.csproj", "{3319805F-2C70-4774-A475-12D2AE5A3714}"
EndProject
Project("{FAE04EC0-301F-11D3-BF4B-00C04F79EFBC}") = "ASO.BlazorTest", "ASO.BlazorTest\ASO.BlazorTest.csproj", "{2CFD5D72-BB19-4D59-9FF3-688D709D42C4}"
EndProject
Project("{FAE04EC0-301F-11D3-BF4B-00C04F79EFBC}") = "ASO.BlazorTest.Shared", "ASO.BlazorTest.Shared\ASO.BlazorTest.Shared.csproj", "{41AA4269-C85C-43DD-81BF-215115B022F5}"
EndProject
Global
	GlobalSection(SolutionConfigurationPlatforms) = preSolution
		Debug|Any CPU = Debug|Any CPU
		Release|Any CPU = Release|Any CPU
	EndGlobalSection
	GlobalSection(ProjectConfigurationPlatforms) = postSolution
		{258C6AFF-0823-458D-AA3A-C58D64EB2C88}.Debug|Any CPU.ActiveCfg = Debug|Any CPU
		{258C6AFF-0823-458D-AA3A-C58D64EB2C88}.Debug|Any CPU.Build.0 = Debug|Any CPU
		{258C6AFF-0823-458D-AA3A-C58D64EB2C88}.Release|Any CPU.ActiveCfg = Release|Any CPU
		{258C6AFF-0823-458D-AA3A-C58D64EB2C88}.Release|Any CPU.Build.0 = Release|Any CPU
		{3319805F-2C70-4774-A475-12D2AE5A3714}.Debug|Any CPU.ActiveCfg = Debug|Any CPU
		{3319805F-2C70-4774-A475-12D2AE5A3714}.Debug|Any CPU.Build.0 = Debug|Any CPU
		{3319805F-2C70-4774-A475-12D2AE5A3714}.Release|Any CPU.ActiveCfg = Release|Any CPU
		{3319805F-2C70-4774-A475-12D2AE5A3714}.Release|Any CPU.Build.0 = Release|Any CPU
		{2CFD5D72-BB19-4D59-9FF3-688D709D42C4}.Debug|Any CPU.ActiveCfg = Debug|Any CPU
		{2CFD5D72-BB19-4D59-9FF3-688D709D42C4}.Debug|Any CPU.Build.0 = Debug|Any CPU
		{2CFD5D72-BB19-4D59-9FF3-688D709D42C4}.Release|Any CPU.ActiveCfg = Release|Any CPU
		{2CFD5D72-BB19-4D59-9FF3-688D709D42C4}.Release|Any CPU.Build.0 = Release|Any CPU
		{41AA4269-C85C-43DD-81BF-215115B022F5}.Debug|Any CPU.ActiveCfg = Debug|Any CPU
		{41AA4269-C85C-43DD-81BF-215115B022F5}.Debug|Any CPU.Build.0 = Debug|Any CPU
		{41AA4269-C85C-43DD-81BF-215115B022F5}.Release|Any CPU.ActiveCfg = Release|Any CPU
		{41AA4269-C85C-43DD-81BF-215115B022F5}.Release|Any CPU.Build.0 = Release|Any CPU
	EndGlobalSection
	GlobalSection(SolutionProperties) = preSolution
		HideSolutionNode = FALSE
	EndGlobalSection
	GlobalSection(ExtensibilityGlobals) = postSolution
		SolutionGuid = {22C12E53-F802-41FE-8E76-481456B90AA7}
	EndGlobalSection
EndGlobal
